
Microsoft Visual Studio Solution File, Format Version 12.00
# Visual Studio 15
VisualStudioVersion = 15.0.27004.2002
MinimumVisualStudioVersion = 10.0.40219.1
Project("{FAE04EC0-301F-11D3-BF4B-00C04F79EFBC}") = "ConsoleApp1", "ConsoleApp1\ConsoleApp1.csproj", "{388DD2DB-157C-47E9-A7C5-F290A0689A4E}"
EndProject
Global
	GlobalSection(SolutionConfigurationPlatforms) = preSolution
		Debug|Any CPU = Debug|Any CPU
		Release|Any CPU = Release|Any CPU
	EndGlobalSection
	GlobalSection(ProjectConfigurationPlatforms) = postSolution
		{388DD2DB-157C-47E9-A7C5-F290A0689A4E}.Debug|Any CPU.ActiveCfg = Debug|Any CPU
		{388DD2DB-157C-47E9-A7C5-F290A0689A4E}.Debug|Any CPU.Build.0 = Debug|Any CPU
		{388DD2DB-157C-47E9-A7C5-F290A0689A4E}.Release|Any CPU.ActiveCfg = Release|Any CPU
		{388DD2DB-157C-47E9-A7C5-F290A0689A4E}.Release|Any CPU.Build.0 = Release|Any CPU
	EndGlobalSection
	GlobalSection(SolutionProperties) = preSolution
		HideSolutionNode = FALSE
	EndGlobalSection
	GlobalSection(ExtensibilityGlobals) = postSolution
		SolutionGuid = {18B04981-1F49-47E2-B60E-536600A041C3}
	EndGlobalSection
EndGlobal
